uuid: c37432f2-2345-4ee0-b2f5-a2c0655ef755
langcode: en
status: true
dependencies:
  module:
    - entity_reference_revisions
    - paragraphs
    - simple_megamenu
id: simple_mega_menu.field_cta_block
field_name: field_cta_block
entity_type: simple_mega_menu
type: entity_reference_revisions
settings:
  target_type: paragraph
module: entity_reference_revisions
locked: false
cardinality: 1
translatable: true
indexes: {  }
persist_with_no_fields: false
custom_storage: false
